// !$*UTF8*$!
{
	archiveVersion = 1;
	classes = {
	};
	objectVersion = 46;
	objects = {

/* Begin PBXBuildFile section */
		E4DC48041FAEA705000EFEF3 /* main.m in Sources */ = {isa = PBXBuildFile; fileRef = E4DC48031FAEA705000EFEF3 /* main.m */; };
		E4DC480D1FAEA705000EFEF3 /* Main.storyboard in Resources */ = {isa = PBXBuildFile; fileRef = E4DC480B1FAEA705000EFEF3 /* Main.storyboard */; };
		E4DC480F1FAEA705000EFEF3 /* Assets.xcassets in Resources */ = {isa = PBXBuildFile; fileRef = E4DC480E1FAEA705000EFEF3 /* Assets.xcassets */; };
		E4DC48121FAEA705000EFEF3 /* LaunchScreen.storyboard in Resources */ = {isa = PBXBuildFile; fileRef = E4DC48101FAEA705000EFEF3 /* LaunchScreen.storyboard */; };
		E4DC481D1FAEA705000EFEF3 /* QFAVPlayerTests.m in Sources */ = {isa = PBXBuildFile; fileRef = E4DC481C1FAEA705000EFEF3 /* QFAVPlayerTests.m */; };
		E4DC48281FAEA705000EFEF3 /* QFAVPlayerUITests.m in Sources */ = {isa = PBXBuildFile; fileRef = E4DC48271FAEA705000EFEF3 /* QFAVPlayerUITests.m */; };
		E4DC48371FAEA741000EFEF3 /* QF_AppDelegate.m in Sources */ = {isa = PBXBuildFile; fileRef = E4DC48361FAEA741000EFEF3 /* QF_AppDelegate.m */; };
		E4DC483A1FAEA9F1000EFEF3 /* QFPlayerVc.m in Sources */ = {isa = PBXBuildFile; fileRef = E4DC48391FAEA9F1000EFEF3 /* QFPlayerVc.m */; };
		E4DC48421FAEAC4C000EFEF3 /* QFAVPlayerView.m in Sources */ = {isa = PBXBuildFile; fileRef = E4DC48411FAEAC4C000EFEF3 /* QFAVPlayerView.m */; };
		E4DC48451FAEAC6C000EFEF3 /* QFAVPlayerControlView.m in Sources */ = {isa = PBXBuildFile; fileRef = E4DC48441FAEAC6C000EFEF3 /* QFAVPlayerControlView.m */; };
		E4DC48481FAEACA6000EFEF3 /* QFFileHandle.m in Sources */ = {isa = PBXBuildFile; fileRef = E4DC48471FAEACA6000EFEF3 /* QFFileHandle.m */; };
		E4DC484B1FAEACC6000EFEF3 /* QFDownloader.m in Sources */ = {isa = PBXBuildFile; fileRef = E4DC484A1FAEACC6000EFEF3 /* QFDownloader.m */; };
		E4DC484E1FAEAD15000EFEF3 /* QFAVAssetResourceLoader.m in Sources */ = {isa = PBXBuildFile; fileRef = E4DC484D1FAEAD15000EFEF3 /* QFAVAssetResourceLoader.m */; };
		E4DC485A1FAF4C79000EFEF3 /* NSString+File.m in Sources */ = {isa = PBXBuildFile; fileRef = E4DC48591FAF4C79000EFEF3 /* NSString+File.m */; };
		E4DC485D1FAF4CF9000EFEF3 /* NSURL+Scheme.m in Sources */ = {isa = PBXBuildFile; fileRef = E4DC485C1FAF4CF9000EFEF3 /* NSURL+Scheme.m */; };
/* End PBXBuildFile section */

/* Begin PBXContainerItemProxy section */
		E4DC48191FAEA705000EFEF3 /* PBXContainerItemProxy */ = {
			isa = PBXContainerItemProxy;
			containerPortal = E4DC47F71FAEA704000EFEF3 /* Project object */;
			proxyType = 1;
			remoteGlobalIDString = E4DC47FE1FAEA705000EFEF3;
			remoteInfo = QFAVPlayer;
		};
		E4DC48241FAEA705000EFEF3 /* PBXContainerItemProxy */ = {
			isa = PBXContainerItemProxy;
			containerPortal = E4DC47F71FAEA704000EFEF3 /* Project object */;
			proxyType = 1;
			remoteGlobalIDString = E4DC47FE1FAEA705000EFEF3;
			remoteInfo = QFAVPlayer;
		};
/* End PBXContainerItemProxy section */

/* Begin PBXFileReference section */
		E4DC47FF1FAEA705000EFEF3 /* QFAVPlayer.app */ = {isa = PBXFileReference; explicitFileType = wrapper.application; includeInIndex = 0; path = QFAVPlayer.app; sourceTree = BUILT_PRODUCTS_DIR; };
		E4DC48031FAEA705000EFEF3 /* main.m */ = {isa = PBXFileReference; lastKnownFileType = sourcecode.c.objc; path = main.m; sourceTree = "<group>"; };
		E4DC480C1FAEA705000EFEF3 /* Base */ = {isa = PBXFileReference; lastKnownFileType = file.storyboard; name = Base; path = Base.lproj/Main.storyboard; sourceTree = "<group>"; };
		E4DC480E1FAEA705000EFEF3 /* Assets.xcassets */ = {isa = PBXFileReference; lastKnownFileType = folder.assetcatalog; path = Assets.xcassets; sourceTree = "<group>"; };
		E4DC48111FAEA705000EFEF3 /* Base */ = {isa = PBXFileReference; lastKnownFileType = file.storyboard; name = Base; path = Base.lproj/LaunchScreen.storyboard; sourceTree = "<group>"; };
		E4DC48131FAEA705000EFEF3 /* Info.plist */ = {isa = PBXFileReference; lastKnownFileType = text.plist.xml; path = Info.plist; sourceTree = "<group>"; };
		E4DC48181FAEA705000EFEF3 /* QFAVPlayerTests.xctest */ = {isa = PBXFileReference; explicitFileType = wrapper.cfbundle; includeInIndex = 0; path = QFAVPlayerTests.xctest; sourceTree = BUILT_PRODUCTS_DIR; };
		E4DC481C1FAEA705000EFEF3 /* QFAVPlayerTests.m */ = {isa = PBXFileReference; lastKnownFileType = sourcecode.c.objc; path = QFAVPlayerTests.m; sourceTree = "<group>"; };
		E4DC481E1FAEA705000EFEF3 /* Info.plist */ = {isa = PBXFileReference; lastKnownFileType = text.plist.xml; path = Info.plist; sourceTree = "<group>"; };
		E4DC48231FAEA705000EFEF3 /* QFAVPlayerUITests.xctest */ = {isa = PBXFileReference; explicitFileType = wrapper.cfbundle; includeInIndex = 0; path = QFAVPlayerUITests.xctest; sourceTree = BUILT_PRODUCTS_DIR; };
		E4DC48271FAEA705000EFEF3 /* QFAVPlayerUITests.m */ = {isa = PBXFileReference; lastKnownFileType = sourcecode.c.objc; path = QFAVPlayerUITests.m; sourceTree = "<group>"; };
		E4DC48291FAEA705000EFEF3 /* Info.plist */ = {isa = PBXFileReference; lastKnownFileType = text.plist.xml; path = Info.plist; sourceTree = "<group>"; };
		E4DC48351FAEA741000EFEF3 /* QF_AppDelegate.h */ = {isa = PBXFileReference; fileEncoding = 4; lastKnownFileType = sourcecode.c.h; path = QF_AppDelegate.h; sourceTree = "<group>"; };
		E4DC48361FAEA741000EFEF3 /* QF_AppDelegate.m */ = {isa = PBXFileReference; fileEncoding = 4; lastKnownFileType = sourcecode.c.objc; path = QF_AppDelegate.m; sourceTree = "<group>"; };
		E4DC48381FAEA9F1000EFEF3 /* QFPlayerVc.h */ = {isa = PBXFileReference; fileEncoding = 4; lastKnownFileType = sourcecode.c.h; path = QFPlayerVc.h; sourceTree = "<group>"; };
		E4DC48391FAEA9F1000EFEF3 /* QFPlayerVc.m */ = {isa = PBXFileReference; fileEncoding = 4; lastKnownFileType = sourcecode.c.objc; path = QFPlayerVc.m; sourceTree = "<group>"; };
		E4DC48401FAEAC4C000EFEF3 /* QFAVPlayerView.h */ = {isa = PBXFileReference; fileEncoding = 4; lastKnownFileType = sourcecode.c.h; path = QFAVPlayerView.h; sourceTree = "<group>"; };
		E4DC48411FAEAC4C000EFEF3 /* QFAVPlayerView.m */ = {isa = PBXFileReference; fileEncoding = 4; lastKnownFileType = sourcecode.c.objc; path = QFAVPlayerView.m; sourceTree = "<group>"; };
		E4DC48431FAEAC6C000EFEF3 /* QFAVPlayerControlView.h */ = {isa = PBXFileReference; fileEncoding = 4; lastKnownFileType = sourcecode.c.h; path = QFAVPlayerControlView.h; sourceTree = "<group>"; };
		E4DC48441FAEAC6C000EFEF3 /* QFAVPlayerControlView.m */ = {isa = PBXFileReference; fileEncoding = 4; lastKnownFileType = sourcecode.c.objc; path = QFAVPlayerControlView.m; sourceTree = "<group>"; };
		E4DC48461FAEACA6000EFEF3 /* QFFileHandle.h */ = {isa = PBXFileReference; fileEncoding = 4; lastKnownFileType = sourcecode.c.h; path = QFFileHandle.h; sourceTree = "<group>"; };
		E4DC48471FAEACA6000EFEF3 /* QFFileHandle.m */ = {isa = PBXFileReference; fileEncoding = 4; lastKnownFileType = sourcecode.c.objc; path = QFFileHandle.m; sourceTree = "<group>"; };
		E4DC48491FAEACC6000EFEF3 /* QFDownloader.h */ = {isa = PBXFileReference; fileEncoding = 4; lastKnownFileType = sourcecode.c.h; path = QFDownloader.h; sourceTree = "<group>"; };
		E4DC484A1FAEACC6000EFEF3 /* QFDownloader.m */ = {isa = PBXFileReference; fileEncoding = 4; lastKnownFileType = sourcecode.c.objc; path = QFDownloader.m; sourceTree = "<group>"; };
		E4DC484C1FAEAD15000EFEF3 /* QFAVAssetResourceLoader.h */ = {isa = PBXFileReference; fileEncoding = 4; lastKnownFileType = sourcecode.c.h; path = QFAVAssetResourceLoader.h; sourceTree = "<group>"; };
		E4DC484D1FAEAD15000EFEF3 /* QFAVAssetResourceLoader.m */ = {isa = PBXFileReference; fileEncoding = 4; lastKnownFileType = sourcecode.c.objc; path = QFAVAssetResourceLoader.m; sourceTree = "<group>"; };
		E4DC48581FAF4C79000EFEF3 /* NSString+File.h */ = {isa = PBXFileReference; fileEncoding = 4; lastKnownFileType = sourcecode.c.h; path = "NSString+File.h"; sourceTree = "<group>"; };
		E4DC48591FAF4C79000EFEF3 /* NSString+File.m */ = {isa = PBXFileReference; fileEncoding = 4; lastKnownFileType = sourcecode.c.objc; path = "NSString+File.m"; sourceTree = "<group>"; };
		E4DC485B1FAF4CF9000EFEF3 /* NSURL+Scheme.h */ = {isa = PBXFileReference; fileEncoding = 4; lastKnownFileType = sourcecode.c.h; path = "NSURL+Scheme.h"; sourceTree = "<group>"; };
		E4DC485C1FAF4CF9000EFEF3 /* NSURL+Scheme.m */ = {isa = PBXFileReference; fileEncoding = 4; lastKnownFileType = sourcecode.c.objc; path = "NSURL+Scheme.m"; sourceTree = "<group>"; };
/* End PBXFileReference section */

/* Begin PBXFrameworksBuildPhase section */
		E4DC47FC1FAEA705000EFEF3 /* Frameworks */ = {
			isa = PBXFrameworksBuildPhase;
			buildActionMask = 2147483647;
			files = (
			);
			runOnlyForDeploymentPostprocessing = 0;
		};
		E4DC48151FAEA705000EFEF3 /* Frameworks */ = {
			isa = PBXFrameworksBuildPhase;
			buildActionMask = 2147483647;
			files = (
			);
			runOnlyForDeploymentPostprocessing = 0;
		};
		E4DC48201FAEA705000EFEF3 /* Frameworks */ = {
			isa = PBXFrameworksBuildPhase;
			buildActionMask = 2147483647;
			files = (
			);
			runOnlyForDeploymentPostprocessing = 0;
		};
/* End PBXFrameworksBuildPhase section */

/* Begin PBXGroup section */
		E4DC47F61FAEA704000EFEF3 = {
			isa = PBXGroup;
			children = (
				E4DC48011FAEA705000EFEF3 /* QFAVPlayer */,
				E4DC481B1FAEA705000EFEF3 /* QFAVPlayerTests */,
				E4DC48261FAEA705000EFEF3 /* QFAVPlayerUITests */,
				E4DC48001FAEA705000EFEF3 /* Products */,
			);
			sourceTree = "<group>";
		};
		E4DC48001FAEA705000EFEF3 /* Products */ = {
			isa = PBXGroup;
			children = (
				E4DC47FF1FAEA705000EFEF3 /* QFAVPlayer.app */,
				E4DC48181FAEA705000EFEF3 /* QFAVPlayerTests.xctest */,
				E4DC48231FAEA705000EFEF3 /* QFAVPlayerUITests.xctest */,
			);
			name = Products;
			sourceTree = "<group>";
		};
		E4DC48011FAEA705000EFEF3 /* QFAVPlayer */ = {
			isa = PBXGroup;
			children = (
				E4DC48351FAEA741000EFEF3 /* QF_AppDelegate.h */,
				E4DC48361FAEA741000EFEF3 /* QF_AppDelegate.m */,
				E4DC483C1FAEAB76000EFEF3 /* QFAVPlayer */,
				E4DC480B1FAEA705000EFEF3 /* Main.storyboard */,
				E4DC480E1FAEA705000EFEF3 /* Assets.xcassets */,
				E4DC48101FAEA705000EFEF3 /* LaunchScreen.storyboard */,
				E4DC48131FAEA705000EFEF3 /* Info.plist */,
				E4DC48021FAEA705000EFEF3 /* Supporting Files */,
			);
			path = QFAVPlayer;
			sourceTree = "<group>";
		};
		E4DC48021FAEA705000EFEF3 /* Supporting Files */ = {
			isa = PBXGroup;
			children = (
				E4DC48031FAEA705000EFEF3 /* main.m */,
			);
			name = "Supporting Files";
			sourceTree = "<group>";
		};
		E4DC481B1FAEA705000EFEF3 /* QFAVPlayerTests */ = {
			isa = PBXGroup;
			children = (
				E4DC481C1FAEA705000EFEF3 /* QFAVPlayerTests.m */,
				E4DC481E1FAEA705000EFEF3 /* Info.plist */,
			);
			path = QFAVPlayerTests;
			sourceTree = "<group>";
		};
		E4DC48261FAEA705000EFEF3 /* QFAVPlayerUITests */ = {
			isa = PBXGroup;
			children = (
				E4DC48271FAEA705000EFEF3 /* QFAVPlayerUITests.m */,
				E4DC48291FAEA705000EFEF3 /* Info.plist */,
			);
			path = QFAVPlayerUITests;
			sourceTree = "<group>";
		};
		E4DC483C1FAEAB76000EFEF3 /* QFAVPlayer */ = {
			isa = PBXGroup;
			children = (
				E4DC483F1FAEABA4000EFEF3 /* Controller */,
				E4DC483E1FAEAB9D000EFEF3 /* View */,
				E4DC483D1FAEAB8E000EFEF3 /* Model */,
			);
			name = QFAVPlayer;
			sourceTree = "<group>";
		};
		E4DC483D1FAEAB8E000EFEF3 /* Model */ = {
			isa = PBXGroup;
			children = (
				E4DC48461FAEACA6000EFEF3 /* QFFileHandle.h */,
				E4DC48471FAEACA6000EFEF3 /* QFFileHandle.m */,
				E4DC48491FAEACC6000EFEF3 /* QFDownloader.h */,
				E4DC484A1FAEACC6000EFEF3 /* QFDownloader.m */,
				E4DC484C1FAEAD15000EFEF3 /* QFAVAssetResourceLoader.h */,
				E4DC484D1FAEAD15000EFEF3 /* QFAVAssetResourceLoader.m */,
				E4DC485B1FAF4CF9000EFEF3 /* NSURL+Scheme.h */,
				E4DC485C1FAF4CF9000EFEF3 /* NSURL+Scheme.m */,
				E4DC48581FAF4C79000EFEF3 /* NSString+File.h */,
				E4DC48591FAF4C79000EFEF3 /* NSString+File.m */,
			);
			name = Model;
			sourceTree = "<group>";
		};
		E4DC483E1FAEAB9D000EFEF3 /* View */ = {
			isa = PBXGroup;
			children = (
				E4DC48401FAEAC4C000EFEF3 /* QFAVPlayerView.h */,
				E4DC48411FAEAC4C000EFEF3 /* QFAVPlayerView.m */,
				E4DC48431FAEAC6C000EFEF3 /* QFAVPlayerControlView.h */,
				E4DC48441FAEAC6C000EFEF3 /* QFAVPlayerControlView.m */,
			);
			name = View;
			sourceTree = "<group>";
		};
		E4DC483F1FAEABA4000EFEF3 /* Controller */ = {
			isa = PBXGroup;
			children = (
				E4DC48381FAEA9F1000EFEF3 /* QFPlayerVc.h */,
				E4DC48391FAEA9F1000EFEF3 /* QFPlayerVc.m */,
			);
			name = Controller;
			sourceTree = "<group>";
		};
/* End PBXGroup section */

/* Begin PBXNativeTarget section */
		E4DC47FE1FAEA705000EFEF3 /* QFAVPlayer */ = {
			isa = PBXNativeTarget;
			buildConfigurationList = E4DC482C1FAEA705000EFEF3 /* Build configuration list for PBXNativeTarget "QFAVPlayer" */;
			buildPhases = (
				E4DC47FB1FAEA705000EFEF3 /* Sources */,
				E4DC47FC1FAEA705000EFEF3 /* Frameworks */,
				E4DC47FD1FAEA705000EFEF3 /* Resources */,
			);
			buildRules = (
			);
			dependencies = (
			);
			name = QFAVPlayer;
			productName = QFAVPlayer;
			productReference = E4DC47FF1FAEA705000EFEF3 /* QFAVPlayer.app */;
			productType = "com.apple.product-type.application";
		};
		E4DC48171FAEA705000EFEF3 /* QFAVPlayerTests */ = {
			isa = PBXNativeTarget;
			buildConfigurationList = E4DC482F1FAEA705000EFEF3 /* Build configuration list for PBXNativeTarget "QFAVPlayerTests" */;
			buildPhases = (
				E4DC48141FAEA705000EFEF3 /* Sources */,
				E4DC48151FAEA705000EFEF3 /* Frameworks */,
				E4DC48161FAEA705000EFEF3 /* Resources */,
			);
			buildRules = (
			);
			dependencies = (
				E4DC481A1FAEA705000EFEF3 /* PBXTargetDependency */,
			);
			name = QFAVPlayerTests;
			productName = QFAVPlayerTests;
			productReference = E4DC48181FAEA705000EFEF3 /* QFAVPlayerTests.xctest */;
			productType = "com.apple.product-type.bundle.unit-test";
		};
		E4DC48221FAEA705000EFEF3 /* QFAVPlayerUITests */ = {
			isa = PBXNativeTarget;
			buildConfigurationList = E4DC48321FAEA705000EFEF3 /* Build configuration list for PBXNativeTarget "QFAVPlayerUITests" */;
			buildPhases = (
				E4DC481F1FAEA705000EFEF3 /* Sources */,
				E4DC48201FAEA705000EFEF3 /* Frameworks */,
				E4DC48211FAEA705000EFEF3 /* Resources */,
			);
			buildRules = (
			);
			dependencies = (
				E4DC48251FAEA705000EFEF3 /* PBXTargetDependency */,
			);
			name = QFAVPlayerUITests;
			productName = QFAVPlayerUITests;
			productReference = E4DC48231FAEA705000EFEF3 /* QFAVPlayerUITests.xctest */;
			productType = "com.apple.product-type.bundle.ui-testing";
		};
/* End PBXNativeTarget section */

/* Begin PBXProject section */
		E4DC47F71FAEA704000EFEF3 /* Project object */ = {
			isa = PBXProject;
			attributes = {
				LastUpgradeCheck = 0830;
				ORGANIZATIONNAME = Quinn;
				TargetAttributes = {
					E4DC47FE1FAEA705000EFEF3 = {
						CreatedOnToolsVersion = 8.3.3;
						DevelopmentTeam = R9Z3J8TW2C;
						ProvisioningStyle = Automatic;
					};
					E4DC48171FAEA705000EFEF3 = {
						CreatedOnToolsVersion = 8.3.3;
						DevelopmentTeam = R9Z3J8TW2C;
						ProvisioningStyle = Automatic;
						TestTargetID = E4DC47FE1FAEA705000EFEF3;
					};
					E4DC48221FAEA705000EFEF3 = {
						CreatedOnToolsVersion = 8.3.3;
						DevelopmentTeam = R9Z3J8TW2C;
						ProvisioningStyle = Automatic;
						TestTargetID = E4DC47FE1FAEA705000EFEF3;
					};
				};
			};
			buildConfigurationList = E4DC47FA1FAEA705000EFEF3 /* Build configuration list for PBXProject "QFAVPlayer" */;
			compatibilityVersion = "Xcode 3.2";
			developmentRegion = English;
			hasScannedForEncodings = 0;
			knownRegions = (
				en,
				Base,
			);
			mainGroup = E4DC47F61FAEA704000EFEF3;
			productRefGroup = E4DC48001FAEA705000EFEF3 /* Products */;
			projectDirPath = "";
			projectRoot = "";
			targets = (
				E4DC47FE1FAEA705000EFEF3 /* QFAVPlayer */,
				E4DC48171FAEA705000EFEF3 /* QFAVPlayerTests */,
				E4DC48221FAEA705000EFEF3 /* QFAVPlayerUITests */,
			);
		};
/* End PBXProject section */

/* Begin PBXResourcesBuildPhase section */
		E4DC47FD1FAEA705000EFEF3 /* Resources */ = {
			isa = PBXResourcesBuildPhase;
			buildActionMask = 2147483647;
			files = (
				E4DC48121FAEA705000EFEF3 /* LaunchScreen.storyboard in Resources */,
				E4DC480F1FAEA705000EFEF3 /* Assets.xcassets in Resources */,
				E4DC480D1FAEA705000EFEF3 /* Main.storyboard in Resources */,
			);
			runOnlyForDeploymentPostprocessing = 0;
		};
		E4DC48161FAEA705000EFEF3 /* Resources */ = {
			isa = PBXResourcesBuildPhase;
			buildActionMask = 2147483647;
			files = (
			);
			runOnlyForDeploymentPostprocessing = 0;
		};
		E4DC48211FAEA705000EFEF3 /* Resources */ = {
			isa = PBXResourcesBuildPhase;
			buildActionMask = 2147483647;
			files = (
			);
			runOnlyForDeploymentPostprocessing = 0;
		};
/* End PBXResourcesBuildPhase section */

/* Begin PBXSourcesBuildPhase section */
		E4DC47FB1FAEA705000EFEF3 /* Sources */ = {
			isa = PBXSourcesBuildPhase;
			buildActionMask = 2147483647;
			files = (
				E4DC483A1FAEA9F1000EFEF3 /* QFPlayerVc.m in Sources */,
				E4DC484E1FAEAD15000EFEF3 /* QFAVAssetResourceLoader.m in Sources */,
				E4DC485A1FAF4C79000EFEF3 /* NSString+File.m in Sources */,
				E4DC48041FAEA705000EFEF3 /* main.m in Sources */,
				E4DC48481FAEACA6000EFEF3 /* QFFileHandle.m in Sources */,
				E4DC484B1FAEACC6000EFEF3 /* QFDownloader.m in Sources */,
				E4DC48451FAEAC6C000EFEF3 /* QFAVPlayerControlView.m in Sources */,
				E4DC48421FAEAC4C000EFEF3 /* QFAVPlayerView.m in Sources */,
				E4DC48371FAEA741000EFEF3 /* QF_AppDelegate.m in Sources */,
				E4DC485D1FAF4CF9000EFEF3 /* NSURL+Scheme.m in Sources */,
			);
			runOnlyForDeploymentPostprocessing = 0;
		};
		E4DC48141FAEA705000EFEF3 /* Sources */ = {
			isa = PBXSourcesBuildPhase;
			buildActionMask = 2147483647;
			files = (
				E4DC481D1FAEA705000EFEF3 /* QFAVPlayerTests.m in Sources */,
			);
			runOnlyForDeploymentPostprocessing = 0;
		};
		E4DC481F1FAEA705000EFEF3 /* Sources */ = {
			isa = PBXSourcesBuildPhase;
			buildActionMask = 2147483647;
			files = (
				E4DC48281FAEA705000EFEF3 /* QFAVPlayerUITests.m in Sources */,
			);
			runOnlyForDeploymentPostprocessing = 0;
		};
/* End PBXSourcesBuildPhase section */

/* Begin PBXTargetDependency section */
		E4DC481A1FAEA705000EFEF3 /* PBXTargetDependency */ = {
			isa = PBXTargetDependency;
			target = E4DC47FE1FAEA705000EFEF3 /* QFAVPlayer */;
			targetProxy = E4DC48191FAEA705000EFEF3 /* PBXContainerItemProxy */;
		};
		E4DC48251FAEA705000EFEF3 /* PBXTargetDependency */ = {
			isa = PBXTargetDependency;
			target = E4DC47FE1FAEA705000EFEF3 /* QFAVPlayer */;
			targetProxy = E4DC48241FAEA705000EFEF3 /* PBXContainerItemProxy */;
		};
/* End PBXTargetDependency section */

/* Begin PBXVariantGroup section */
		E4DC480B1FAEA705000EFEF3 /* Main.storyboard */ = {
			isa = PBXVariantGroup;
			children = (
				E4DC480C1FAEA705000EFEF3 /* Base */,
			);
			name = Main.storyboard;
			sourceTree = "<group>";
		};
		E4DC48101FAEA705000EFEF3 /* LaunchScreen.storyboard */ = {
			isa = PBXVariantGroup;
			children = (
				E4DC48111FAEA705000EFEF3 /* Base */,
			);
			name = LaunchScreen.storyboard;
			sourceTree = "<group>";
		};
/* End PBXVariantGroup section */

/* Begin XCBuildConfiguration section */
		E4DC482A1FAEA705000EFEF3 /* Debug */ = {
			isa = XCBuildConfiguration;
			buildSettings = {
				ALWAYS_SEARCH_USER_PATHS = NO;
				CLANG_ANALYZER_NONNULL = YES;
				CLANG_ANALYZER_NUMBER_OBJECT_CONVERSION = YES_AGGRESSIVE;
				CLANG_CXX_LANGUAGE_STANDARD = "gnu++0x";
				CLANG_CXX_LIBRARY = "libc++";
				CLANG_ENABLE_MODULES = YES;
				CLANG_ENABLE_OBJC_ARC = YES;
				CLANG_WARN_BOOL_CONVERSION = YES;
				CLANG_WARN_CONSTANT_CONVERSION = YES;
				CLANG_WARN_DIRECT_OBJC_ISA_USAGE = YES_ERROR;
				CLANG_WARN_DOCUMENTATION_COMMENTS = YES;
				CLANG_WARN_EMPTY_BODY = YES;
				CLANG_WARN_ENUM_CONVERSION = YES;
				CLANG_WARN_INFINITE_RECURSION = YES;
				CLANG_WARN_INT_CONVERSION = YES;
				CLANG_WARN_OBJC_ROOT_CLASS = YES_ERROR;
				CLANG_WARN_SUSPICIOUS_MOVE = YES;
				CLANG_WARN_UNREACHABLE_CODE = YES;
				CLANG_WARN__DUPLICATE_METHOD_MATCH = YES;
				"CODE_SIGN_IDENTITY[sdk=iphoneos*]" = "iPhone Developer";
				COPY_PHASE_STRIP = NO;
				DEBUG_INFORMATION_FORMAT = dwarf;
				ENABLE_STRICT_OBJC_MSGSEND = YES;
				ENABLE_TESTABILITY = YES;
				GCC_C_LANGUAGE_STANDARD = gnu99;
				GCC_DYNAMIC_NO_PIC = NO;
				GCC_NO_COMMON_BLOCKS = YES;
				GCC_OPTIMIZATION_LEVEL = 0;
				GCC_PREPROCESSOR_DEFINITIONS = (
					"DEBUG=1",
					"$(inherited)",
				);
				GCC_WARN_64_TO_32_BIT_CONVERSION = YES;
				GCC_WARN_ABOUT_RETURN_TYPE = YES_ERROR;
				GCC_WARN_UNDECLARED_SELECTOR = YES;
				GCC_WARN_UNINITIALIZED_AUTOS = YES_AGGRESSIVE;
				GCC_WARN_UNUSED_FUNCTION = YES;
				GCC_WARN_UNUSED_VARIABLE = YES;
				IPHONEOS_DEPLOYMENT_TARGET = 10.3;
				MTL_ENABLE_DEBUG_INFO = YES;
				ONLY_ACTIVE_ARCH = YES;
				SDKROOT = iphoneos;
			};
			name = Debug;
		};
		E4DC482B1FAEA705000EFEF3 /* Release */ = {
			isa = XCBuildConfiguration;
			buildSettings = {
				ALWAYS_SEARCH_USER_PATHS = NO;
				CLANG_ANALYZER_NONNULL = YES;
				CLANG_ANALYZER_NUMBER_OBJECT_CONVERSION = YES_AGGRESSIVE;
				CLANG_CXX_LANGUAGE_STANDARD = "gnu++0x";
				CLANG_CXX_LIBRARY = "libc++";
				CLANG_ENABLE_MODULES = YES;
				CLANG_ENABLE_OBJC_ARC = YES;
				CLANG_WARN_BOOL_CONVERSION = YES;
				CLANG_WARN_CONSTANT_CONVERSION = YES;
				CLANG_WARN_DIRECT_OBJC_ISA_USAGE = YES_ERROR;
				CLANG_WARN_DOCUMENTATION_COMMENTS = YES;
				CLANG_WARN_EMPTY_BODY = YES;
				CLANG_WARN_ENUM_CONVERSION = YES;
				CLANG_WARN_INFINITE_RECURSION = YES;
				CLANG_WARN_INT_CONVERSION = YES;
				CLANG_WARN_OBJC_ROOT_CLASS = YES_ERROR;
				CLANG_WARN_SUSPICIOUS_MOVE = YES;
				CLANG_WARN_UNREACHABLE_CODE = YES;
				CLANG_WARN__DUPLICATE_METHOD_MATCH = YES;
				"CODE_SIGN_IDENTITY[sdk=iphoneos*]" = "iPhone Developer";
				COPY_PHASE_STRIP = NO;
				DEBUG_INFORMATION_FORMAT = "dwarf-with-dsym";
				ENABLE_NS_ASSERTIONS = NO;
				ENABLE_STRICT_OBJC_MSGSEND = YES;
				GCC_C_LANGUAGE_STANDARD = gnu99;
				GCC_NO_COMMON_BLOCKS = YES;
				GCC_WARN_64_TO_32_BIT_CONVERSION = YES;
				GCC_WARN_ABOUT_RETURN_TYPE = YES_ERROR;
				GCC_WARN_UNDECLARED_SELECTOR = YES;
				GCC_WARN_UNINITIALIZED_AUTOS = YES_AGGRESSIVE;
				GCC_WARN_UNUSED_FUNCTION = YES;
				GCC_WARN_UNUSED_VARIABLE = YES;
				IPHONEOS_DEPLOYMENT_TARGET = 10.3;
				MTL_ENABLE_DEBUG_INFO = NO;
				SDKROOT = iphoneos;
				VALIDATE_PRODUCT = YES;
			};
			name = Release;
		};
		E4DC482D1FAEA705000EFEF3 /* Debug */ = {
			isa = XCBuildConfiguration;
			buildSettings = {
				ASSETCATALOG_COMPILER_APPICON_NAME = AppIcon;
				DEVELOPMENT_TEAM = R9Z3J8TW2C;
				INFOPLIST_FILE = QFAVPlayer/Info.plist;
				IPHONEOS_DEPLOYMENT_TARGET = 9.1;
				LD_RUNPATH_SEARCH_PATHS = "$(inherited) @executable_path/Frameworks";
				PRODUCT_BUNDLE_IDENTIFIER = com.db.QFAVPlayer;
				PRODUCT_NAME = "$(TARGET_NAME)";
			};
			name = Debug;
		};
		E4DC482E1FAEA705000EFEF3 /* Release */ = {
			isa = XCBuildConfiguration;
			buildSettings = {
				ASSETCATALOG_COMPILER_APPICON_NAME = AppIcon;
				DEVELOPMENT_TEAM = R9Z3J8TW2C;
				INFOPLIST_FILE = QFAVPlayer/Info.plist;
				IPHONEOS_DEPLOYMENT_TARGET = 9.1;
				LD_RUNPATH_SEARCH_PATHS = "$(inherited) @executable_path/Frameworks";
				PRODUCT_BUNDLE_IDENTIFIER = com.db.QFAVPlayer;
				PRODUCT_NAME = "$(TARGET_NAME)";
			};
			name = Release;
		};
		E4DC48301FAEA705000EFEF3 /* Debug */ = {
			isa = XCBuildConfiguration;
			buildSettings = {
				BUNDLE_LOADER = "$(TEST_HOST)";
				DEVELOPMENT_TEAM = R9Z3J8TW2C;
				INFOPLIST_FILE = QFAVPlayerTests/Info.plist;
				LD_RUNPATH_SEARCH_PATHS = "$(inherited) @executable_path/Frameworks @loader_path/Frameworks";
				PRODUCT_BUNDLE_IDENTIFIER = com.db.QFAVPlayerTests;
				PRODUCT_NAME = "$(TARGET_NAME)";
				TEST_HOST = "$(BUILT_PRODUCTS_DIR)/QFAVPlayer.app/QFAVPlayer";
			};
			name = Debug;
		};
		E4DC48311FAEA705000EFEF3 /* Release */ = {
			isa = XCBuildConfiguration;
			buildSettings = {
				BUNDLE_LOADER = "$(TEST_HOST)";
				DEVELOPMENT_TEAM = R9Z3J8TW2C;
				INFOPLIST_FILE = QFAVPlayerTests/Info.plist;
				LD_RUNPATH_SEARCH_PATHS = "$(inherited) @executable_path/Frameworks @loader_path/Frameworks";
				PRODUCT_BUNDLE_IDENTIFIER = com.db.QFAVPlayerTests;
				PRODUCT_NAME = "$(TARGET_NAME)";
				TEST_HOST = "$(BUILT_PRODUCTS_DIR)/QFAVPlayer.app/QFAVPlayer";
			};
			name = Release;
		};
		E4DC48331FAEA705000EFEF3 /* Debug */ = {
			isa = XCBuildConfiguration;
			buildSettings = {
				DEVELOPMENT_TEAM = R9Z3J8TW2C;
				INFOPLIST_FILE = QFAVPlayerUITests/Info.plist;
				LD_RUNPATH_SEARCH_PATHS = "$(inherited) @executable_path/Frameworks @loader_path/Frameworks";
				PRODUCT_BUNDLE_IDENTIFIER = com.db.QFAVPlayerUITests;
				PRODUCT_NAME = "$(TARGET_NAME)";
				TEST_TARGET_NAME = QFAVPlayer;
			};
			name = Debug;
		};
		E4DC48341FAEA705000EFEF3 /* Release */ = {
			isa = XCBuildConfiguration;
			buildSettings = {
				DEVELOPMENT_TEAM = R9Z3J8TW2C;
				INFOPLIST_FILE = QFAVPlayerUITests/Info.plist;
				LD_RUNPATH_SEARCH_PATHS = "$(inherited) @executable_path/Frameworks @loader_path/Frameworks";
				PRODUCT_BUNDLE_IDENTIFIER = com.db.QFAVPlayerUITests;
				PRODUCT_NAME = "$(TARGET_NAME)";
				TEST_TARGET_NAME = QFAVPlayer;
			};
			name = Release;
		};
/* End XCBuildConfiguration section */

/* Begin XCConfigurationList section */
		E4DC47FA1FAEA705000EFEF3 /* Build configuration list for PBXProject "QFAVPlayer" */ = {
			isa = XCConfigurationList;
			buildConfigurations = (
				E4DC482A1FAEA705000EFEF3 /* Debug */,
				E4DC482B1FAEA705000EFEF3 /* Release */,
			);
			defaultConfigurationIsVisible = 0;
			defaultConfigurationName = Release;
		};
		E4DC482C1FAEA705000EFEF3 /* Build configuration list for PBXNativeTarget "QFAVPlayer" */ = {
			isa = XCConfigurationList;
			buildConfigurations = (
				E4DC482D1FAEA705000EFEF3 /* Debug */,
				E4DC482E1FAEA705000EFEF3 /* Release */,
			);
			defaultConfigurationIsVisible = 0;
		};
		E4DC482F1FAEA705000EFEF3 /* Build configuration list for PBXNativeTarget "QFAVPlayerTests" */ = {
			isa = XCConfigurationList;
			buildConfigurations = (
				E4DC48301FAEA705000EFEF3 /* Debug */,
				E4DC48311FAEA705000EFEF3 /* Release */,
			);
			defaultConfigurationIsVisible = 0;
		};
		E4DC48321FAEA705000EFEF3 /* Build configuration list for PBXNativeTarget "QFAVPlayerUITests" */ = {
			isa = XCConfigurationList;
			buildConfigurations = (
				E4DC48331FAEA705000EFEF3 /* Debug */,
				E4DC48341FAEA705000EFEF3 /* Release */,
			);
			defaultConfigurationIsVisible = 0;
		};
/* End XCConfigurationList section */
	};
	rootObject = E4DC47F71FAEA704000EFEF3 /* Project object */;
}
